
Microsoft Visual Studio Solution File, Format Version 12.00
# Visual Studio Version 17
VisualStudioVersion = 17.9.34616.47
MinimumVisualStudioVersion = 10.0.40219.1
Project("{FAE04EC0-301F-11D3-BF4B-00C04F79EFBC}") = "KhumaloCraft", "KhumaloCraft.csproj", "{CE587EA2-EE64-45BA-AAE1-4C05EB529EC1}"
EndProject
Global
	GlobalSection(SolutionConfigurationPlatforms) = preSolution
		Debug|Any CPU = Debug|Any CPU
		Release|Any CPU = Release|Any CPU
	EndGlobalSection
	GlobalSection(ProjectConfigurationPlatforms) = postSolution
		{CE587EA2-EE64-45BA-AAE1-4C05EB529EC1}.Debug|Any CPU.ActiveCfg = Debug|Any CPU
		{CE587EA2-EE64-45BA-AAE1-4C05EB529EC1}.Debug|Any CPU.Build.0 = Debug|Any CPU
		{CE587EA2-EE64-45BA-AAE1-4C05EB529EC1}.Release|Any CPU.ActiveCfg = Release|Any CPU
		{CE587EA2-EE64-45BA-AAE1-4C05EB529EC1}.Release|Any CPU.Build.0 = Release|Any CPU
	EndGlobalSection
	GlobalSection(SolutionProperties) = preSolution
		HideSolutionNode = FALSE
	EndGlobalSection
	GlobalSection(ExtensibilityGlobals) = postSolution
		SolutionGuid = {DFD84DEE-3F50-421D-AACB-6B6FC3E58C06}
	EndGlobalSection
EndGlobal
